// !$*UTF8*$!
{
	archiveVersion = 1;
	classes = {
	};
	objectVersion = 46;
	objects = {

/* Begin PBXBuildFile section */
		12C1B6381F611F3A00C4417C /* ZKDrawerController.h in Headers */ = {isa = PBXBuildFile; fileRef = 12C1B6361F611F3A00C4417C /* ZKDrawerController.h */; settings = {ATTRIBUTES = (Public, ); }; };
		12C1B66F1F611FFE00C4417C /* AppDelegate.swift in Sources */ = {isa = PBXBuildFile; fileRef = 12C1B66E1F611FFE00C4417C /* AppDelegate.swift */; };
		12C1B6711F611FFE00C4417C /* ViewController.swift in Sources */ = {isa = PBXBuildFile; fileRef = 12C1B6701F611FFE00C4417C /* ViewController.swift */; };
		12C1B6741F611FFE00C4417C /* Main.storyboard in Resources */ = {isa = PBXBuildFile; fileRef = 12C1B6721F611FFE00C4417C /* Main.storyboard */; };
		12C1B6761F611FFE00C4417C /* Assets.xcassets in Resources */ = {isa = PBXBuildFile; fileRef = 12C1B6751F611FFE00C4417C /* Assets.xcassets */; };
		12C1B6791F611FFE00C4417C /* LaunchScreen.storyboard in Resources */ = {isa = PBXBuildFile; fileRef = 12C1B6771F611FFE00C4417C /* LaunchScreen.storyboard */; };
		12C1B67F1F61317000C4417C /* ZKDrawerController.framework in Frameworks */ = {isa = PBXBuildFile; fileRef = 12C1B6341F611F3A00C4417C /* ZKDrawerController.framework */; };
		12C1B6861F61331A00C4417C /* SnapKit.framework in Frameworks */ = {isa = PBXBuildFile; fileRef = 12C1B6821F61329F00C4417C /* SnapKit.framework */; };
		12C1B6881F61337000C4417C /* ZKDrawerController.swift in Sources */ = {isa = PBXBuildFile; fileRef = 123AC7501E23A6850016A07F /* ZKDrawerController.swift */; };
		12C1B6891F61337000C4417C /* ZKDrawerCoverView.swift in Sources */ = {isa = PBXBuildFile; fileRef = 123AC7511E23A6850016A07F /* ZKDrawerCoverView.swift */; };
		12C1B68A1F61337000C4417C /* ZKDrawerScrollView.swift in Sources */ = {isa = PBXBuildFile; fileRef = 123AC7521E23A6850016A07F /* ZKDrawerScrollView.swift */; };
		12C1B68B1F61337000C4417C /* ZKDrawerShadowView.swift in Sources */ = {isa = PBXBuildFile; fileRef = 123AC7531E23A6850016A07F /* ZKDrawerShadowView.swift */; };
/* End PBXBuildFile section */

/* Begin PBXFileReference section */
		123AC7491E23A56C0016A07F /* Info.plist */ = {isa = PBXFileReference; lastKnownFileType = text.plist.xml; path = Info.plist; sourceTree = "<group>"; };
		123AC7501E23A6850016A07F /* ZKDrawerController.swift */ = {isa = PBXFileReference; fileEncoding = 4; lastKnownFileType = sourcecode.swift; path = ZKDrawerController.swift; sourceTree = "<group>"; };
		123AC7511E23A6850016A07F /* ZKDrawerCoverView.swift */ = {isa = PBXFileReference; fileEncoding = 4; lastKnownFileType = sourcecode.swift; path = ZKDrawerCoverView.swift; sourceTree = "<group>"; };
		123AC7521E23A6850016A07F /* ZKDrawerScrollView.swift */ = {isa = PBXFileReference; fileEncoding = 4; lastKnownFileType = sourcecode.swift; path = ZKDrawerScrollView.swift; sourceTree = "<group>"; };
		123AC7531E23A6850016A07F /* ZKDrawerShadowView.swift */ = {isa = PBXFileReference; fileEncoding = 4; lastKnownFileType = sourcecode.swift; path = ZKDrawerShadowView.swift; sourceTree = "<group>"; };
		12C1B6341F611F3A00C4417C /* ZKDrawerController.framework */ = {isa = PBXFileReference; explicitFileType = wrapper.framework; includeInIndex = 0; path = ZKDrawerController.framework; sourceTree = BUILT_PRODUCTS_DIR; };
		12C1B6361F611F3A00C4417C /* ZKDrawerController.h */ = {isa = PBXFileReference; lastKnownFileType = sourcecode.c.h; path = ZKDrawerController.h; sourceTree = "<group>"; };
		12C1B66C1F611FFE00C4417C /* Example.app */ = {isa = PBXFileReference; explicitFileType = wrapper.application; includeInIndex = 0; path = Example.app; sourceTree = BUILT_PRODUCTS_DIR; };
		12C1B66E1F611FFE00C4417C /* AppDelegate.swift */ = {isa = PBXFileReference; lastKnownFileType = sourcecode.swift; path = AppDelegate.swift; sourceTree = "<group>"; };
		12C1B6701F611FFE00C4417C /* ViewController.swift */ = {isa = PBXFileReference; lastKnownFileType = sourcecode.swift; path = ViewController.swift; sourceTree = "<group>"; };
		12C1B6731F611FFE00C4417C /* Base */ = {isa = PBXFileReference; lastKnownFileType = file.storyboard; name = Base; path = Base.lproj/Main.storyboard; sourceTree = "<group>"; };
		12C1B6751F611FFE00C4417C /* Assets.xcassets */ = {isa = PBXFileReference; lastKnownFileType = folder.assetcatalog; path = Assets.xcassets; sourceTree = "<group>"; };
		12C1B6781F611FFE00C4417C /* Base */ = {isa = PBXFileReference; lastKnownFileType = file.storyboard; name = Base; path = Base.lproj/LaunchScreen.storyboard; sourceTree = "<group>"; };
		12C1B67A1F611FFE00C4417C /* Info.plist */ = {isa = PBXFileReference; lastKnownFileType = text.plist.xml; path = Info.plist; sourceTree = "<group>"; };
		12C1B6821F61329F00C4417C /* SnapKit.framework */ = {isa = PBXFileReference; lastKnownFileType = wrapper.framework; name = SnapKit.framework; path = Carthage/Build/iOS/SnapKit.framework; sourceTree = "<group>"; };
/* End PBXFileReference section */

/* Begin PBXFrameworksBuildPhase section */
		12C1B6301F611F3A00C4417C /* Frameworks */ = {
			isa = PBXFrameworksBuildPhase;
			buildActionMask = 2147483647;
			files = (
				12C1B6861F61331A00C4417C /* SnapKit.framework in Frameworks */,
			);
			runOnlyForDeploymentPostprocessing = 0;
		};
		12C1B6691F611FFE00C4417C /* Frameworks */ = {
			isa = PBXFrameworksBuildPhase;
			buildActionMask = 2147483647;
			files = (
				12C1B67F1F61317000C4417C /* ZKDrawerController.framework in Frameworks */,
			);
			runOnlyForDeploymentPostprocessing = 0;
		};
/* End PBXFrameworksBuildPhase section */

/* Begin PBXGroup section */
		123AC7311E23A56C0016A07F = {
			isa = PBXGroup;
			children = (
				123AC74F1E23A6850016A07F /* Sources */,
				12C1B6351F611F3A00C4417C /* ZKDrawerController */,
				12C1B66D1F611FFE00C4417C /* Example */,
				123AC73B1E23A56C0016A07F /* Products */,
				1BD9E325373CDC2E80F5928F /* Frameworks */,
			);
			sourceTree = "<group>";
		};
		123AC73B1E23A56C0016A07F /* Products */ = {
			isa = PBXGroup;
			children = (
				12C1B6341F611F3A00C4417C /* ZKDrawerController.framework */,
				12C1B66C1F611FFE00C4417C /* Example.app */,
			);
			name = Products;
			sourceTree = "<group>";
		};
		123AC74F1E23A6850016A07F /* Sources */ = {
			isa = PBXGroup;
			children = (
				123AC7501E23A6850016A07F /* ZKDrawerController.swift */,
				123AC7511E23A6850016A07F /* ZKDrawerCoverView.swift */,
				123AC7521E23A6850016A07F /* ZKDrawerScrollView.swift */,
				123AC7531E23A6850016A07F /* ZKDrawerShadowView.swift */,
			);
			path = Sources;
			sourceTree = "<group>";
		};
		12C1B6351F611F3A00C4417C /* ZKDrawerController */ = {
			isa = PBXGroup;
			children = (
				12C1B6361F611F3A00C4417C /* ZKDrawerController.h */,
				123AC7491E23A56C0016A07F /* Info.plist */,
			);
			path = ZKDrawerController;
			sourceTree = "<group>";
		};
		12C1B66D1F611FFE00C4417C /* Example */ = {
			isa = PBXGroup;
			children = (
				12C1B66E1F611FFE00C4417C /* AppDelegate.swift */,
				12C1B6701F611FFE00C4417C /* ViewController.swift */,
				12C1B6721F611FFE00C4417C /* Main.storyboard */,
				12C1B6751F611FFE00C4417C /* Assets.xcassets */,
				12C1B6771F611FFE00C4417C /* LaunchScreen.storyboard */,
				12C1B67A1F611FFE00C4417C /* Info.plist */,
			);
			path = Example;
			sourceTree = "<group>";
		};
		1BD9E325373CDC2E80F5928F /* Frameworks */ = {
			isa = PBXGroup;
			children = (
				12C1B6821F61329F00C4417C /* SnapKit.framework */,
			);
			name = Frameworks;
			sourceTree = "<group>";
		};
/* End PBXGroup section */

/* Begin PBXHeadersBuildPhase section */
		12C1B6311F611F3A00C4417C /* Headers */ = {
			isa = PBXHeadersBuildPhase;
			buildActionMask = 2147483647;
			files = (
				12C1B6381F611F3A00C4417C /* ZKDrawerController.h in Headers */,
			);
			runOnlyForDeploymentPostprocessing = 0;
		};
/* End PBXHeadersBuildPhase section */

/* Begin PBXNativeTarget section */
		12C1B6331F611F3A00C4417C /* ZKDrawerController */ = {
			isa = PBXNativeTarget;
			buildConfigurationList = 12C1B6391F611F3A00C4417C /* Build configuration list for PBXNativeTarget "ZKDrawerController" */;
			buildPhases = (
				12C1B62F1F611F3A00C4417C /* Sources */,
				12C1B6301F611F3A00C4417C /* Frameworks */,
				12C1B6311F611F3A00C4417C /* Headers */,
				12C1B6321F611F3A00C4417C /* Resources */,
			);
			buildRules = (
			);
			dependencies = (
			);
			name = ZKDrawerController;
			productName = ZKDrawerController;
			productReference = 12C1B6341F611F3A00C4417C /* ZKDrawerController.framework */;
			productType = "com.apple.product-type.framework";
		};
		12C1B66B1F611FFE00C4417C /* Example */ = {
			isa = PBXNativeTarget;
			buildConfigurationList = 12C1B67B1F611FFE00C4417C /* Build configuration list for PBXNativeTarget "Example" */;
			buildPhases = (
				12C1B6681F611FFE00C4417C /* Sources */,
				12C1B6691F611FFE00C4417C /* Frameworks */,
				12C1B66A1F611FFE00C4417C /* Resources */,
				12C1B6851F6132C700C4417C /* ShellScript */,
			);
			buildRules = (
			);
			dependencies = (
			);
			name = Example;
			productName = Example;
			productReference = 12C1B66C1F611FFE00C4417C /* Example.app */;
			productType = "com.apple.product-type.application";
		};
/* End PBXNativeTarget section */

/* Begin PBXProject section */
		123AC7321E23A56C0016A07F /* Project object */ = {
			isa = PBXProject;
			attributes = {
				LastSwiftUpdateCheck = 0900;
				LastUpgradeCheck = 0900;
				ORGANIZATIONNAME = zzk;
				TargetAttributes = {
					12C1B6331F611F3A00C4417C = {
						CreatedOnToolsVersion = 9.0;
						DevelopmentTeam = MXJJEEMF3U;
						ProvisioningStyle = Automatic;
					};
					12C1B66B1F611FFE00C4417C = {
						CreatedOnToolsVersion = 9.0;
						DevelopmentTeam = MXJJEEMF3U;
						ProvisioningStyle = Automatic;
					};
				};
			};
			buildConfigurationList = 123AC7351E23A56C0016A07F /* Build configuration list for PBXProject "ZKDrawerController" */;
			compatibilityVersion = "Xcode 3.2";
			developmentRegion = English;
			hasScannedForEncodings = 0;
			knownRegions = (
				en,
				Base,
			);
			mainGroup = 123AC7311E23A56C0016A07F;
			productRefGroup = 123AC73B1E23A56C0016A07F /* Products */;
			projectDirPath = "";
			projectRoot = "";
			targets = (
				12C1B6331F611F3A00C4417C /* ZKDrawerController */,
				12C1B66B1F611FFE00C4417C /* Example */,
			);
		};
/* End PBXProject section */

/* Begin PBXResourcesBuildPhase section */
		12C1B6321F611F3A00C4417C /* Resources */ = {
			isa = PBXResourcesBuildPhase;
			buildActionMask = 2147483647;
			files = (
			);
			runOnlyForDeploymentPostprocessing = 0;
		};
		12C1B66A1F611FFE00C4417C /* Resources */ = {
			isa = PBXResourcesBuildPhase;
			buildActionMask = 2147483647;
			files = (
				12C1B6791F611FFE00C4417C /* LaunchScreen.storyboard in Resources */,
				12C1B6761F611FFE00C4417C /* Assets.xcassets in Resources */,
				12C1B6741F611FFE00C4417C /* Main.storyboard in Resources */,
			);
			runOnlyForDeploymentPostprocessing = 0;
		};
/* End PBXResourcesBuildPhase section */

/* Begin PBXShellScriptBuildPhase section */
		12C1B6851F6132C700C4417C /* ShellScript */ = {
			isa = PBXShellScriptBuildPhase;
			buildActionMask = 2147483647;
			files = (
			);
			inputPaths = (
				"$(SRCROOT)/Carthage/Build/iOS/SnapKit.framework",
			);
			outputPaths = (
			);
			runOnlyForDeploymentPostprocessing = 0;
			shellPath = /bin/sh;
			shellScript = "/usr/local/bin/carthage copy-frameworks";
		};
/* End PBXShellScriptBuildPhase section */

/* Begin PBXSourcesBuildPhase section */
		12C1B62F1F611F3A00C4417C /* Sources */ = {
			isa = PBXSourcesBuildPhase;
			buildActionMask = 2147483647;
			files = (
				12C1B6881F61337000C4417C /* ZKDrawerController.swift in Sources */,
				12C1B6891F61337000C4417C /* ZKDrawerCoverView.swift in Sources */,
				12C1B68A1F61337000C4417C /* ZKDrawerScrollView.swift in Sources */,
				12C1B68B1F61337000C4417C /* ZKDrawerShadowView.swift in Sources */,
			);
			runOnlyForDeploymentPostprocessing = 0;
		};
		12C1B6681F611FFE00C4417C /* Sources */ = {
			isa = PBXSourcesBuildPhase;
			buildActionMask = 2147483647;
			files = (
				12C1B6711F611FFE00C4417C /* ViewController.swift in Sources */,
				12C1B66F1F611FFE00C4417C /* AppDelegate.swift in Sources */,
			);
			runOnlyForDeploymentPostprocessing = 0;
		};
/* End PBXSourcesBuildPhase section */

/* Begin PBXVariantGroup section */
		12C1B6721F611FFE00C4417C /* Main.storyboard */ = {
			isa = PBXVariantGroup;
			children = (
				12C1B6731F611FFE00C4417C /* Base */,
			);
			name = Main.storyboard;
			sourceTree = "<group>";
		};
		12C1B6771F611FFE00C4417C /* LaunchScreen.storyboard */ = {
			isa = PBXVariantGroup;
			children = (
				12C1B6781F611FFE00C4417C /* Base */,
			);
			name = LaunchScreen.storyboard;
			sourceTree = "<group>";
		};
/* End PBXVariantGroup section */

/* Begin XCBuildConfiguration section */
		123AC74A1E23A56C0016A07F /* Debug */ = {
			isa = XCBuildConfiguration;
			buildSettings = {
				ALWAYS_SEARCH_USER_PATHS = NO;
				CLANG_ANALYZER_NONNULL = YES;
				CLANG_CXX_LANGUAGE_STANDARD = "gnu++0x";
				CLANG_CXX_LIBRARY = "libc++";
				CLANG_ENABLE_MODULES = YES;
				CLANG_ENABLE_OBJC_ARC = YES;
				CLANG_WARN_BLOCK_CAPTURE_AUTORELEASING = YES;
				CLANG_WARN_BOOL_CONVERSION = YES;
				CLANG_WARN_COMMA = YES;
				CLANG_WARN_CONSTANT_CONVERSION = YES;
				CLANG_WARN_DIRECT_OBJC_ISA_USAGE = YES_ERROR;
				CLANG_WARN_DOCUMENTATION_COMMENTS = YES;
				CLANG_WARN_EMPTY_BODY = YES;
				CLANG_WARN_ENUM_CONVERSION = YES;
				CLANG_WARN_INFINITE_RECURSION = YES;
				CLANG_WARN_INT_CONVERSION = YES;
				CLANG_WARN_NON_LITERAL_NULL_CONVERSION = YES;
				CLANG_WARN_OBJC_LITERAL_CONVERSION = YES;
				CLANG_WARN_OBJC_ROOT_CLASS = YES_ERROR;
				CLANG_WARN_RANGE_LOOP_ANALYSIS = YES;
				CLANG_WARN_STRICT_PROTOTYPES = YES;
				CLANG_WARN_SUSPICIOUS_MOVE = YES;
				CLANG_WARN_UNREACHABLE_CODE = YES;
				CLANG_WARN__DUPLICATE_METHOD_MATCH = YES;
				"CODE_SIGN_IDENTITY[sdk=iphoneos*]" = "iPhone Developer";
				COPY_PHASE_STRIP = NO;
				DEBUG_INFORMATION_FORMAT = dwarf;
				ENABLE_STRICT_OBJC_MSGSEND = YES;
				ENABLE_TESTABILITY = YES;
				GCC_C_LANGUAGE_STANDARD = gnu99;
				GCC_DYNAMIC_NO_PIC = NO;
				GCC_NO_COMMON_BLOCKS = YES;
				GCC_OPTIMIZATION_LEVEL = 0;
				GCC_PREPROCESSOR_DEFINITIONS = (
					"DEBUG=1",
					"$(inherited)",
				);
				GCC_WARN_64_TO_32_BIT_CONVERSION = YES;
				GCC_WARN_ABOUT_RETURN_TYPE = YES_ERROR;
				GCC_WARN_UNDECLARED_SELECTOR = YES;
				GCC_WARN_UNINITIALIZED_AUTOS = YES_AGGRESSIVE;
				GCC_WARN_UNUSED_FUNCTION = YES;
				GCC_WARN_UNUSED_VARIABLE = YES;
				IPHONEOS_DEPLOYMENT_TARGET = 8.0;
				MTL_ENABLE_DEBUG_INFO = YES;
				ONLY_ACTIVE_ARCH = YES;
				SDKROOT = iphoneos;
				SWIFT_ACTIVE_COMPILATION_CONDITIONS = DEBUG;
				SWIFT_OPTIMIZATION_LEVEL = "-Onone";
				TARGETED_DEVICE_FAMILY = "1,2";
			};
			name = Debug;
		};
		123AC74B1E23A56C0016A07F /* Release */ = {
			isa = XCBuildConfiguration;
			buildSettings = {
				ALWAYS_SEARCH_USER_PATHS = NO;
				CLANG_ANALYZER_NONNULL = YES;
				CLANG_CXX_LANGUAGE_STANDARD = "gnu++0x";
				CLANG_CXX_LIBRARY = "libc++";
				CLANG_ENABLE_MODULES = YES;
				CLANG_ENABLE_OBJC_ARC = YES;
				CLANG_WARN_BLOCK_CAPTURE_AUTORELEASING = YES;
				CLANG_WARN_BOOL_CONVERSION = YES;
				CLANG_WARN_COMMA = YES;
				CLANG_WARN_CONSTANT_CONVERSION = YES;
				CLANG_WARN_DIRECT_OBJC_ISA_USAGE = YES_ERROR;
				CLANG_WARN_DOCUMENTATION_COMMENTS = YES;
				CLANG_WARN_EMPTY_BODY = YES;
				CLANG_WARN_ENUM_CONVERSION = YES;
				CLANG_WARN_INFINITE_RECURSION = YES;
				CLANG_WARN_INT_CONVERSION = YES;
				CLANG_WARN_NON_LITERAL_NULL_CONVERSION = YES;
				CLANG_WARN_OBJC_LITERAL_CONVERSION = YES;
				CLANG_WARN_OBJC_ROOT_CLASS = YES_ERROR;
				CLANG_WARN_RANGE_LOOP_ANALYSIS = YES;
				CLANG_WARN_STRICT_PROTOTYPES = YES;
				CLANG_WARN_SUSPICIOUS_MOVE = YES;
				CLANG_WARN_UNREACHABLE_CODE = YES;
				CLANG_WARN__DUPLICATE_METHOD_MATCH = YES;
				"CODE_SIGN_IDENTITY[sdk=iphoneos*]" = "iPhone Developer";
				COPY_PHASE_STRIP = NO;
				DEBUG_INFORMATION_FORMAT = "dwarf-with-dsym";
				ENABLE_NS_ASSERTIONS = NO;
				ENABLE_STRICT_OBJC_MSGSEND = YES;
				GCC_C_LANGUAGE_STANDARD = gnu99;
				GCC_NO_COMMON_BLOCKS = YES;
				GCC_WARN_64_TO_32_BIT_CONVERSION = YES;
				GCC_WARN_ABOUT_RETURN_TYPE = YES_ERROR;
				GCC_WARN_UNDECLARED_SELECTOR = YES;
				GCC_WARN_UNINITIALIZED_AUTOS = YES_AGGRESSIVE;
				GCC_WARN_UNUSED_FUNCTION = YES;
				GCC_WARN_UNUSED_VARIABLE = YES;
				IPHONEOS_DEPLOYMENT_TARGET = 8.0;
				MTL_ENABLE_DEBUG_INFO = NO;
				SDKROOT = iphoneos;
				SWIFT_OPTIMIZATION_LEVEL = "-Owholemodule";
				TARGETED_DEVICE_FAMILY = "1,2";
				VALIDATE_PRODUCT = YES;
			};
			name = Release;
		};
		12C1B63A1F611F3A00C4417C /* Debug */ = {
			isa = XCBuildConfiguration;
			buildSettings = {
				CLANG_ANALYZER_NUMBER_OBJECT_CONVERSION = YES_AGGRESSIVE;
				CLANG_CXX_LANGUAGE_STANDARD = "gnu++14";
				CLANG_WARN_BLOCK_CAPTURE_AUTORELEASING = YES;
				CLANG_WARN_COMMA = YES;
				CLANG_WARN_NON_LITERAL_NULL_CONVERSION = YES;
				CLANG_WARN_OBJC_LITERAL_CONVERSION = YES;
				CLANG_WARN_RANGE_LOOP_ANALYSIS = YES;
				CLANG_WARN_STRICT_PROTOTYPES = YES;
				CLANG_WARN_UNGUARDED_AVAILABILITY = YES_AGGRESSIVE;
				CODE_SIGN_IDENTITY = "iPhone Developer";
				"CODE_SIGN_IDENTITY[sdk=iphoneos*]" = "";
				CODE_SIGN_STYLE = Automatic;
				CURRENT_PROJECT_VERSION = 1;
				DEFINES_MODULE = YES;
				DEVELOPMENT_TEAM = MXJJEEMF3U;
				DYLIB_COMPATIBILITY_VERSION = 1;
				DYLIB_CURRENT_VERSION = 1;
				DYLIB_INSTALL_NAME_BASE = "@rpath";
				FRAMEWORK_SEARCH_PATHS = (
					"$(inherited)",
					"$(PROJECT_DIR)/Carthage/Build/iOS",
				);
				GCC_C_LANGUAGE_STANDARD = gnu11;
				INFOPLIST_FILE = ZKDrawerController/Info.plist;
				INSTALL_PATH = "$(LOCAL_LIBRARY_DIR)/Frameworks";
				IPHONEOS_DEPLOYMENT_TARGET = 8.0;
				LD_RUNPATH_SEARCH_PATHS = "$(inherited) @executable_path/Frameworks @loader_path/Frameworks";
				PRODUCT_BUNDLE_IDENTIFIER = com.zzk.ZKDrawerController;
				PRODUCT_NAME = "$(TARGET_NAME:c99extidentifier)";
				SKIP_INSTALL = YES;
				SWIFT_VERSION = 4.0;
				TARGETED_DEVICE_FAMILY = "1,2";
				VERSIONING_SYSTEM = "apple-generic";
				VERSION_INFO_PREFIX = "";
			};
			name = Debug;
		};
		12C1B63B1F611F3A00C4417C /* Release */ = {
			isa = XCBuildConfiguration;
			buildSettings = {
				CLANG_ANALYZER_NUMBER_OBJECT_CONVERSION = YES_AGGRESSIVE;
				CLANG_CXX_LANGUAGE_STANDARD = "gnu++14";
				CLANG_WARN_BLOCK_CAPTURE_AUTORELEASING = YES;
				CLANG_WARN_COMMA = YES;
				CLANG_WARN_NON_LITERAL_NULL_CONVERSION = YES;
				CLANG_WARN_OBJC_LITERAL_CONVERSION = YES;
				CLANG_WARN_RANGE_LOOP_ANALYSIS = YES;
				CLANG_WARN_STRICT_PROTOTYPES = YES;
				CLANG_WARN_UNGUARDED_AVAILABILITY = YES_AGGRESSIVE;
				CODE_SIGN_IDENTITY = "iPhone Developer";
				"CODE_SIGN_IDENTITY[sdk=iphoneos*]" = "";
				CODE_SIGN_STYLE = Automatic;
				CURRENT_PROJECT_VERSION = 1;
				DEFINES_MODULE = YES;
				DEVELOPMENT_TEAM = MXJJEEMF3U;
				DYLIB_COMPATIBILITY_VERSION = 1;
				DYLIB_CURRENT_VERSION = 1;
				DYLIB_INSTALL_NAME_BASE = "@rpath";
				FRAMEWORK_SEARCH_PATHS = (
					"$(inherited)",
					"$(PROJECT_DIR)/Carthage/Build/iOS",
				);
				GCC_C_LANGUAGE_STANDARD = gnu11;
				INFOPLIST_FILE = ZKDrawerController/Info.plist;
				INSTALL_PATH = "$(LOCAL_LIBRARY_DIR)/Frameworks";
				IPHONEOS_DEPLOYMENT_TARGET = 8.0;
				LD_RUNPATH_SEARCH_PATHS = "$(inherited) @executable_path/Frameworks @loader_path/Frameworks";
				PRODUCT_BUNDLE_IDENTIFIER = com.zzk.ZKDrawerController;
				PRODUCT_NAME = "$(TARGET_NAME:c99extidentifier)";
				SKIP_INSTALL = YES;
				SWIFT_VERSION = 4.0;
				TARGETED_DEVICE_FAMILY = "1,2";
				VERSIONING_SYSTEM = "apple-generic";
				VERSION_INFO_PREFIX = "";
			};
			name = Release;
		};
		12C1B67C1F611FFE00C4417C /* Debug */ = {
			isa = XCBuildConfiguration;
			buildSettings = {
				ASSETCATALOG_COMPILER_APPICON_NAME = AppIcon;
				CLANG_ANALYZER_NUMBER_OBJECT_CONVERSION = YES_AGGRESSIVE;
				CLANG_CXX_LANGUAGE_STANDARD = "gnu++14";
				CLANG_WARN_BLOCK_CAPTURE_AUTORELEASING = YES;
				CLANG_WARN_COMMA = YES;
				CLANG_WARN_NON_LITERAL_NULL_CONVERSION = YES;
				CLANG_WARN_OBJC_LITERAL_CONVERSION = YES;
				CLANG_WARN_RANGE_LOOP_ANALYSIS = YES;
				CLANG_WARN_STRICT_PROTOTYPES = YES;
				CLANG_WARN_UNGUARDED_AVAILABILITY = YES_AGGRESSIVE;
				CODE_SIGN_IDENTITY = "iPhone Developer";
				CODE_SIGN_STYLE = Automatic;
				DEVELOPMENT_TEAM = MXJJEEMF3U;
				FRAMEWORK_SEARCH_PATHS = (
					"$(inherited)",
					"$(PROJECT_DIR)/Carthage/Build/iOS",
				);
				GCC_C_LANGUAGE_STANDARD = gnu11;
				INFOPLIST_FILE = Example/Info.plist;
				IPHONEOS_DEPLOYMENT_TARGET = 8.0;
				LD_RUNPATH_SEARCH_PATHS = "$(inherited) @executable_path/Frameworks";
				PRODUCT_BUNDLE_IDENTIFIER = com.zzk.Example;
				PRODUCT_NAME = "$(TARGET_NAME)";
				SWIFT_VERSION = 4.0;
				TARGETED_DEVICE_FAMILY = "1,2";
			};
			name = Debug;
		};
		12C1B67D1F611FFE00C4417C /* Release */ = {
			isa = XCBuildConfiguration;
			buildSettings = {
				ASSETCATALOG_COMPILER_APPICON_NAME = AppIcon;
				CLANG_ANALYZER_NUMBER_OBJECT_CONVERSION = YES_AGGRESSIVE;
				CLANG_CXX_LANGUAGE_STANDARD = "gnu++14";
				CLANG_WARN_BLOCK_CAPTURE_AUTORELEASING = YES;
				CLANG_WARN_COMMA = YES;
				CLANG_WARN_NON_LITERAL_NULL_CONVERSION = YES;
				CLANG_WARN_OBJC_LITERAL_CONVERSION = YES;
				CLANG_WARN_RANGE_LOOP_ANALYSIS = YES;
				CLANG_WARN_STRICT_PROTOTYPES = YES;
				CLANG_WARN_UNGUARDED_AVAILABILITY = YES_AGGRESSIVE;
				CODE_SIGN_IDENTITY = "iPhone Developer";
				CODE_SIGN_STYLE = Automatic;
				DEVELOPMENT_TEAM = MXJJEEMF3U;
				FRAMEWORK_SEARCH_PATHS = (
					"$(inherited)",
					"$(PROJECT_DIR)/Carthage/Build/iOS",
				);
				GCC_C_LANGUAGE_STANDARD = gnu11;
				INFOPLIST_FILE = Example/Info.plist;
				IPHONEOS_DEPLOYMENT_TARGET = 8.0;
				LD_RUNPATH_SEARCH_PATHS = "$(inherited) @executable_path/Frameworks";
				PRODUCT_BUNDLE_IDENTIFIER = com.zzk.Example;
				PRODUCT_NAME = "$(TARGET_NAME)";
				SWIFT_VERSION = 4.0;
				TARGETED_DEVICE_FAMILY = "1,2";
			};
			name = Release;
		};
/* End XCBuildConfiguration section */

/* Begin XCConfigurationList section */
		123AC7351E23A56C0016A07F /* Build configuration list for PBXProject "ZKDrawerController" */ = {
			isa = XCConfigurationList;
			buildConfigurations = (
				123AC74A1E23A56C0016A07F /* Debug */,
				123AC74B1E23A56C0016A07F /* Release */,
			);
			defaultConfigurationIsVisible = 0;
			defaultConfigurationName = Release;
		};
		12C1B6391F611F3A00C4417C /* Build configuration list for PBXNativeTarget "ZKDrawerController" */ = {
			isa = XCConfigurationList;
			buildConfigurations = (
				12C1B63A1F611F3A00C4417C /* Debug */,
				12C1B63B1F611F3A00C4417C /* Release */,
			);
			defaultConfigurationIsVisible = 0;
			defaultConfigurationName = Release;
		};
		12C1B67B1F611FFE00C4417C /* Build configuration list for PBXNativeTarget "Example" */ = {
			isa = XCConfigurationList;
			buildConfigurations = (
				12C1B67C1F611FFE00C4417C /* Debug */,
				12C1B67D1F611FFE00C4417C /* Release */,
			);
			defaultConfigurationIsVisible = 0;
			defaultConfigurationName = Release;
		};
/* End XCConfigurationList section */
	};
	rootObject = 123AC7321E23A56C0016A07F /* Project object */;
}
